{
  "name": "root_package",
  "version": "1.0.0",
  "lockfileVersion": 2,
  "requires": true,
  "packages": {
    "": {
      "name": "root_package",
      "version": "1.0.0",
      "license": "ISC",
      "dependencies": {
        "postinstall-package": "file:../postinstall-package"
      }
    },
    "../postinstall-package": {
      "name": "postinstall_package",
      "version": "1.0.0",
      "hasInstallScript": true,
      "license": "ISC"
    },
    "node_modules/postinstall-package": {
      "resolved": "../postinstall-package",
      "link": true
    }
  },
  "dependencies": {
    "postinstall-package": {
      "version": "file:../postinstall-package"
    }
  }
}
